
Microsoft Visual Studio Solution File, Format Version 12.00
# Visual Studio 15
VisualStudioVersion = 15.0.27703.2035
MinimumVisualStudioVersion = 10.0.40219.1
Project("{FAE04EC0-301F-11D3-BF4B-00C04F79EFBC}") = "CodingChallenge2", "CodingChallenge2\CodingChallenge2.csproj", "{6539E1C6-2F72-48A1-AE1F-780136D5246F}"
EndProject
Global
	GlobalSection(SolutionConfigurationPlatforms) = preSolution
		Debug|Any CPU = Debug|Any CPU
		Release|Any CPU = Release|Any CPU
	EndGlobalSection
	GlobalSection(ProjectConfigurationPlatforms) = postSolution
		{6539E1C6-2F72-48A1-AE1F-780136D5246F}.Debug|Any CPU.ActiveCfg = Debug|Any CPU
		{6539E1C6-2F72-48A1-AE1F-780136D5246F}.Debug|Any CPU.Build.0 = Debug|Any CPU
		{6539E1C6-2F72-48A1-AE1F-780136D5246F}.Release|Any CPU.ActiveCfg = Release|Any CPU
		{6539E1C6-2F72-48A1-AE1F-780136D5246F}.Release|Any CPU.Build.0 = Release|Any CPU
	EndGlobalSection
	GlobalSection(SolutionProperties) = preSolution
		HideSolutionNode = FALSE
	EndGlobalSection
	GlobalSection(ExtensibilityGlobals) = postSolution
		SolutionGuid = {4FA791D2-BC36-47EA-9D7D-A06AEA5C43DD}
	EndGlobalSection
EndGlobal
